
Microsoft Visual Studio Solution File, Format Version 12.00
# Visual Studio 15
VisualStudioVersion = 15.0.28307.329
MinimumVisualStudioVersion = 10.0.40219.1
Project("{8BC9CEB8-8B4A-11D0-8D11-00A0C91BC942}") = "for_loop", "for_loop\for_loop.vcxproj", "{B584CAB1-6709-4A6E-B2A0-ACD2F2F9F287}"
EndProject
Global
	GlobalSection(SolutionConfigurationPlatforms) = preSolution
		Debug|x64 = Debug|x64
		Debug|x86 = Debug|x86
		Release|x64 = Release|x64
		Release|x86 = Release|x86
	EndGlobalSection
	GlobalSection(ProjectConfigurationPlatforms) = postSolution
		{B584CAB1-6709-4A6E-B2A0-ACD2F2F9F287}.Debug|x64.ActiveCfg = Debug|x64
		{B584CAB1-6709-4A6E-B2A0-ACD2F2F9F287}.Debug|x64.Build.0 = Debug|x64
		{B584CAB1-6709-4A6E-B2A0-ACD2F2F9F287}.Debug|x86.ActiveCfg = Debug|Win32
		{B584CAB1-6709-4A6E-B2A0-ACD2F2F9F287}.Debug|x86.Build.0 = Debug|Win32
		{B584CAB1-6709-4A6E-B2A0-ACD2F2F9F287}.Release|x64.ActiveCfg = Release|x64
		{B584CAB1-6709-4A6E-B2A0-ACD2F2F9F287}.Release|x64.Build.0 = Release|x64
		{B584CAB1-6709-4A6E-B2A0-ACD2F2F9F287}.Release|x86.ActiveCfg = Release|Win32
		{B584CAB1-6709-4A6E-B2A0-ACD2F2F9F287}.Release|x86.Build.0 = Release|Win32
	EndGlobalSection
	GlobalSection(SolutionProperties) = preSolution
		HideSolutionNode = FALSE
	EndGlobalSection
	GlobalSection(ExtensibilityGlobals) = postSolution
		SolutionGuid = {4B6E2E38-F616-4D40-8B9B-9DDB3C94FBA7}
	EndGlobalSection
EndGlobal
