
Microsoft Visual Studio Solution File, Format Version 12.00
# Visual Studio 15
VisualStudioVersion = 15.0.28307.329
MinimumVisualStudioVersion = 10.0.40219.1
Project("{8BC9CEB8-8B4A-11D0-8D11-00A0C91BC942}") = "dem_chu_so", "dem_chu_so\dem_chu_so.vcxproj", "{5A06FD2D-DC24-48D2-A55D-A5750E325D52}"
EndProject
Global
	GlobalSection(SolutionConfigurationPlatforms) = preSolution
		Debug|x64 = Debug|x64
		Debug|x86 = Debug|x86
		Release|x64 = Release|x64
		Release|x86 = Release|x86
	EndGlobalSection
	GlobalSection(ProjectConfigurationPlatforms) = postSolution
		{5A06FD2D-DC24-48D2-A55D-A5750E325D52}.Debug|x64.ActiveCfg = Debug|x64
		{5A06FD2D-DC24-48D2-A55D-A5750E325D52}.Debug|x64.Build.0 = Debug|x64
		{5A06FD2D-DC24-48D2-A55D-A5750E325D52}.Debug|x86.ActiveCfg = Debug|Win32
		{5A06FD2D-DC24-48D2-A55D-A5750E325D52}.Debug|x86.Build.0 = Debug|Win32
		{5A06FD2D-DC24-48D2-A55D-A5750E325D52}.Release|x64.ActiveCfg = Release|x64
		{5A06FD2D-DC24-48D2-A55D-A5750E325D52}.Release|x64.Build.0 = Release|x64
		{5A06FD2D-DC24-48D2-A55D-A5750E325D52}.Release|x86.ActiveCfg = Release|Win32
		{5A06FD2D-DC24-48D2-A55D-A5750E325D52}.Release|x86.Build.0 = Release|Win32
	EndGlobalSection
	GlobalSection(SolutionProperties) = preSolution
		HideSolutionNode = FALSE
	EndGlobalSection
	GlobalSection(ExtensibilityGlobals) = postSolution
		SolutionGuid = {6F6736A5-F712-4A3A-BA5A-7A599479996A}
	EndGlobalSection
EndGlobal
