
Microsoft Visual Studio Solution File, Format Version 12.00
# Visual Studio 15
VisualStudioVersion = 15.0.28307.329
MinimumVisualStudioVersion = 10.0.40219.1
Project("{8BC9CEB8-8B4A-11D0-8D11-00A0C91BC942}") = "dem_cac_chu_so", "dem_cac_chu_so\dem_cac_chu_so.vcxproj", "{49E0BF5E-576F-4480-A3D0-0740FFF5DDDB}"
EndProject
Global
	GlobalSection(SolutionConfigurationPlatforms) = preSolution
		Debug|x64 = Debug|x64
		Debug|x86 = Debug|x86
		Release|x64 = Release|x64
		Release|x86 = Release|x86
	EndGlobalSection
	GlobalSection(ProjectConfigurationPlatforms) = postSolution
		{49E0BF5E-576F-4480-A3D0-0740FFF5DDDB}.Debug|x64.ActiveCfg = Debug|x64
		{49E0BF5E-576F-4480-A3D0-0740FFF5DDDB}.Debug|x64.Build.0 = Debug|x64
		{49E0BF5E-576F-4480-A3D0-0740FFF5DDDB}.Debug|x86.ActiveCfg = Debug|Win32
		{49E0BF5E-576F-4480-A3D0-0740FFF5DDDB}.Debug|x86.Build.0 = Debug|Win32
		{49E0BF5E-576F-4480-A3D0-0740FFF5DDDB}.Release|x64.ActiveCfg = Release|x64
		{49E0BF5E-576F-4480-A3D0-0740FFF5DDDB}.Release|x64.Build.0 = Release|x64
		{49E0BF5E-576F-4480-A3D0-0740FFF5DDDB}.Release|x86.ActiveCfg = Release|Win32
		{49E0BF5E-576F-4480-A3D0-0740FFF5DDDB}.Release|x86.Build.0 = Release|Win32
	EndGlobalSection
	GlobalSection(SolutionProperties) = preSolution
		HideSolutionNode = FALSE
	EndGlobalSection
	GlobalSection(ExtensibilityGlobals) = postSolution
		SolutionGuid = {44911985-2E29-4F4C-9FA9-0C6D2748CF6F}
	EndGlobalSection
EndGlobal
